
Microsoft Visual Studio Solution File, Format Version 12.00
# Visual Studio Version 16
VisualStudioVersion = 16.0.30907.101
MinimumVisualStudioVersion = 10.0.40219.1
Project("{9A19103F-16F7-4668-BE54-9A1E7A4F7556}") = "TankPocalypse.WPF", "TankPocalypse.WPF\TankPocalypse.WPF.csproj", "{154464D3-012E-45E2-840B-D84BB389BF8B}"
EndProject
Project("{9A19103F-16F7-4668-BE54-9A1E7A4F7556}") = "TankPocalypse.Repository", "TankPocalypse.Repository\TankPocalypse.Repository.csproj", "{4E7F2F1D-C2B0-4F52-B8EC-4BD984F84C0F}"
EndProject
Project("{9A19103F-16F7-4668-BE54-9A1E7A4F7556}") = "TankPocalypse.Model", "TankPocalypse.Model\TankPocalypse.Model.csproj", "{1F57ED1C-9CBD-4AED-9361-3C413D285021}"
EndProject
Project("{9A19103F-16F7-4668-BE54-9A1E7A4F7556}") = "TankPocalypse.Logic", "TankPocalypse.Logic\TankPocalypse.Logic.csproj", "{8EDE89E2-F892-449C-95EE-8EE2607AEC48}"
EndProject
Project("{9A19103F-16F7-4668-BE54-9A1E7A4F7556}") = "TankPocalypse.LogicTests", "TankPocalypse.LogicTests\TankPocalypse.LogicTests.csproj", "{068E8CF6-6DBE-409B-9858-8B3C07D88C32}"
EndProject
Project("{9A19103F-16F7-4668-BE54-9A1E7A4F7556}") = "TankPocalypse.Renderer", "TankPocalypse.Renderer\TankPocalypse.Renderer.csproj", "{49CD25F6-94DE-4931-A84B-14CCF88EFB5C}"
EndProject
Global
	GlobalSection(SolutionConfigurationPlatforms) = preSolution
		Debug|Any CPU = Debug|Any CPU
		Release|Any CPU = Release|Any CPU
	EndGlobalSection
	GlobalSection(ProjectConfigurationPlatforms) = postSolution
		{154464D3-012E-45E2-840B-D84BB389BF8B}.Debug|Any CPU.ActiveCfg = Debug|Any CPU
		{154464D3-012E-45E2-840B-D84BB389BF8B}.Debug|Any CPU.Build.0 = Debug|Any CPU
		{154464D3-012E-45E2-840B-D84BB389BF8B}.Release|Any CPU.ActiveCfg = Release|Any CPU
		{154464D3-012E-45E2-840B-D84BB389BF8B}.Release|Any CPU.Build.0 = Release|Any CPU
		{4E7F2F1D-C2B0-4F52-B8EC-4BD984F84C0F}.Debug|Any CPU.ActiveCfg = Debug|Any CPU
		{4E7F2F1D-C2B0-4F52-B8EC-4BD984F84C0F}.Debug|Any CPU.Build.0 = Debug|Any CPU
		{4E7F2F1D-C2B0-4F52-B8EC-4BD984F84C0F}.Release|Any CPU.ActiveCfg = Release|Any CPU
		{4E7F2F1D-C2B0-4F52-B8EC-4BD984F84C0F}.Release|Any CPU.Build.0 = Release|Any CPU
		{1F57ED1C-9CBD-4AED-9361-3C413D285021}.Debug|Any CPU.ActiveCfg = Debug|Any CPU
		{1F57ED1C-9CBD-4AED-9361-3C413D285021}.Debug|Any CPU.Build.0 = Debug|Any CPU
		{1F57ED1C-9CBD-4AED-9361-3C413D285021}.Release|Any CPU.ActiveCfg = Release|Any CPU
		{1F57ED1C-9CBD-4AED-9361-3C413D285021}.Release|Any CPU.Build.0 = Release|Any CPU
		{8EDE89E2-F892-449C-95EE-8EE2607AEC48}.Debug|Any CPU.ActiveCfg = Debug|Any CPU
		{8EDE89E2-F892-449C-95EE-8EE2607AEC48}.Debug|Any CPU.Build.0 = Debug|Any CPU
		{8EDE89E2-F892-449C-95EE-8EE2607AEC48}.Release|Any CPU.ActiveCfg = Release|Any CPU
		{8EDE89E2-F892-449C-95EE-8EE2607AEC48}.Release|Any CPU.Build.0 = Release|Any CPU
		{068E8CF6-6DBE-409B-9858-8B3C07D88C32}.Debug|Any CPU.ActiveCfg = Debug|Any CPU
		{068E8CF6-6DBE-409B-9858-8B3C07D88C32}.Debug|Any CPU.Build.0 = Debug|Any CPU
		{068E8CF6-6DBE-409B-9858-8B3C07D88C32}.Release|Any CPU.ActiveCfg = Release|Any CPU
		{068E8CF6-6DBE-409B-9858-8B3C07D88C32}.Release|Any CPU.Build.0 = Release|Any CPU
		{49CD25F6-94DE-4931-A84B-14CCF88EFB5C}.Debug|Any CPU.ActiveCfg = Debug|Any CPU
		{49CD25F6-94DE-4931-A84B-14CCF88EFB5C}.Debug|Any CPU.Build.0 = Debug|Any CPU
		{49CD25F6-94DE-4931-A84B-14CCF88EFB5C}.Release|Any CPU.ActiveCfg = Release|Any CPU
		{49CD25F6-94DE-4931-A84B-14CCF88EFB5C}.Release|Any CPU.Build.0 = Release|Any CPU
	EndGlobalSection
	GlobalSection(SolutionProperties) = preSolution
		HideSolutionNode = FALSE
	EndGlobalSection
	GlobalSection(ExtensibilityGlobals) = postSolution
		SolutionGuid = {F1D3FADE-9508-46C4-8341-6D85C126EF7D}
	EndGlobalSection
EndGlobal
